
Microsoft Visual Studio Solution File, Format Version 12.00
# Visual Studio 2013
VisualStudioVersion = 12.0.21005.1
MinimumVisualStudioVersion = 10.0.40219.1
Project("{FAE04EC0-301F-11D3-BF4B-00C04F79EFBC}") = "MazeGame", "MazeGame\MazeGame\MazeGame.csproj", "{FD5A5C6C-E01B-4F2C-80A9-4ABC2454E435}"
EndProject
Project("{96E2B04D-8817-42C6-938A-82C39BA4D311}") = "MazeGameContent", "MazeGame\MazeGameContent\MazeGameContent.contentproj", "{31F8B570-2109-4DA1-BC1D-8EFA80FBA436}"
EndProject
Global
	GlobalSection(SolutionConfigurationPlatforms) = preSolution
		Debug|x86 = Debug|x86
		Release|x86 = Release|x86
	EndGlobalSection
	GlobalSection(ProjectConfigurationPlatforms) = postSolution
		{FD5A5C6C-E01B-4F2C-80A9-4ABC2454E435}.Debug|x86.ActiveCfg = Debug|x86
		{FD5A5C6C-E01B-4F2C-80A9-4ABC2454E435}.Debug|x86.Build.0 = Debug|x86
		{FD5A5C6C-E01B-4F2C-80A9-4ABC2454E435}.Release|x86.ActiveCfg = Release|x86
		{FD5A5C6C-E01B-4F2C-80A9-4ABC2454E435}.Release|x86.Build.0 = Release|x86
		{31F8B570-2109-4DA1-BC1D-8EFA80FBA436}.Debug|x86.ActiveCfg = Debug|x86
		{31F8B570-2109-4DA1-BC1D-8EFA80FBA436}.Release|x86.ActiveCfg = Release|x86
	EndGlobalSection
	GlobalSection(SolutionProperties) = preSolution
		HideSolutionNode = FALSE
	EndGlobalSection
EndGlobal
